# This file is automatically @generated by Poetry 1.8.4 and should not be changed by hand.

[[package]]
name = "colorama"
version = "0.4.6"
description = "Cross-platform colored terminal text."
optional = false
python-versions = "!=3.0.*,!=3.1.*,!=3.2.*,!=3.3.*,!=3.4.*,!=3.5.*,!=3.6.*,>=2.7"
files = [
    {file = "colorama-0.4.6-py2.py3-none-any.whl", hash = "sha256:4f1d9991f5acc0ca119f9d443620b77f9d6b33703e51011c16baf57afb285fc6"},
    {file = "colorama-0.4.6.tar.gz", hash = "sha256:08695f5cb7ed6e0531a20572697297273c47b8cae5a63ffc6d6ed5c201be6e44"},
]

[[package]]
name = "exceptiongroup"
version = "1.3.0"
description = "Backport of PEP 654 (exception groups)"
optional = false
python-versions = ">=3.7"
files = [
    {file = "exceptiongroup-1.3.0-py3-none-any.whl", hash = "sha256:4d111e6e0c13d0644cad6ddaa7ed0261a0b36971f6d23e7ec9b4b9097da78a10"},
    {file = "exceptiongroup-1.3.0.tar.gz", hash = "sha256:b241f5885f560bc56a59ee63ca4c6a8bfa46ae4ad651af316d4e81817bb9fd88"},
]

[package.dependencies]
typing-extensions = {version = ">=4.6.0", markers = "python_version < \"3.13\""}

[package.extras]
test = ["pytest (>=6)"]

[[package]]
name = "importlib-metadata"
version = "8.7.0"
description = "Read metadata from Python packages"
optional = false
python-versions = ">=3.9"
files = [
    {file = "importlib_metadata-8.7.0-py3-none-any.whl", hash = "sha256:e5dd1551894c77868a30651cef00984d50e1002d06942a7101d34870c5f02afd"},
    {file = "importlib_metadata-8.7.0.tar.gz", hash = "sha256:d13b81ad223b890aa16c5471f2ac3056cf76c5f10f82d6f9292f0b415f389000"},
]

[package.dependencies]
zipp = ">=3.20"

[package.extras]
check = ["pytest-checkdocs (>=2.4)", "pytest-ruff (>=0.2.1)"]
cover = ["pytest-cov"]
doc = ["furo", "jaraco.packaging (>=9.3)", "jaraco.tidelift (>=1.4)", "rst.linker (>=1.9)", "sphinx (>=3.5)", "sphinx-lint"]
enabler = ["pytest-enabler (>=2.2)"]
perf = ["ipython"]
test = ["flufl.flake8", "importlib_resources (>=1.3)", "jaraco.test (>=5.4)", "packaging", "pyfakefs", "pytest (>=6,!=8.1.*)", "pytest-perf (>=0.9.2)"]
type = ["pytest-mypy"]

[[package]]
name = "iniconfig"
version = "2.1.0"
description = "brain-dead simple config-ini parsing"
optional = false
python-versions = ">=3.8"
files = [
    {file = "iniconfig-2.1.0-py3-none-any.whl", hash = "sha256:9deba5723312380e77435581c6bf4935c94cbfab9b1ed33ef8d238ea168eb760"},
    {file = "iniconfig-2.1.0.tar.gz", hash = "sha256:3abbd2e30b36733fee78f9c7f7308f2d0050e88f0087fd25c2645f63c773e1c7"},
]

[[package]]
name = "mmh3"
version = "5.2.0"
description = "Python extension for MurmurHash (MurmurHash3), a set of fast and robust hash functions."
optional = false
python-versions = ">=3.9"
files = [
    {file = "mmh3-5.2.0-cp310-cp310-macosx_10_9_universal2.whl", hash = "sha256:81c504ad11c588c8629536b032940f2a359dda3b6cbfd4ad8f74cb24dcd1b0bc"},
    {file = "mmh3-5.2.0-cp310-cp310-macosx_10_9_x86_64.whl", hash = "sha256:0b898cecff57442724a0f52bf42c2de42de63083a91008fb452887e372f9c328"},
    {file = "mmh3-5.2.0-cp310-cp310-macosx_11_0_arm64.whl", hash = "sha256:be1374df449465c9f2500e62eee73a39db62152a8bdfbe12ec5b5c1cd451344d"},
    {file = "mmh3-5.2.0-cp310-cp310-manylinux1_i686.manylinux_2_28_i686.manylinux_2_5_i686.whl", hash = "sha256:b0d753ad566c721faa33db7e2e0eddd74b224cdd3eaf8481d76c926603c7a00e"},
    {file = "mmh3-5.2.0-cp310-cp310-manylinux1_x86_64.manylinux_2_28_x86_64.manylinux_2_5_x86_64.whl", hash = "sha256:dfbead5575f6470c17e955b94f92d62a03dfc3d07f2e6f817d9b93dc211a1515"},
    {file = "mmh3-5.2.0-cp310-cp310-manylinux2014_aarch64.manylinux_2_17_aarch64.manylinux_2_28_aarch64.whl", hash = "sha256:7434a27754049144539d2099a6d2da5d88b8bdeedf935180bf42ad59b3607aa3"},
    {file = "mmh3-5.2.0-cp310-cp310-manylinux2014_ppc64le.manylinux_2_17_ppc64le.manylinux_2_28_ppc64le.whl", hash = "sha256:cadc16e8ea64b5d9a47363013e2bea469e121e6e7cb416a7593aeb24f2ad122e"},
    {file = "mmh3-5.2.0-cp310-cp310-manylinux2014_s390x.manylinux_2_17_s390x.manylinux_2_28_s390x.whl", hash = "sha256:d765058da196f68dc721116cab335e696e87e76720e6ef8ee5a24801af65e63d"},
    {file = "mmh3-5.2.0-cp310-cp310-musllinux_1_2_aarch64.whl", hash = "sha256:8b0c53fe0994beade1ad7c0f13bd6fec980a0664bfbe5a6a7d64500b9ab76772"},
    {file = "mmh3-5.2.0-cp310-cp310-musllinux_1_2_i686.whl", hash = "sha256:49037d417419863b222ae47ee562b2de9c3416add0a45c8d7f4e864be8dc4f89"},
    {file = "mmh3-5.2.0-cp310-cp310-musllinux_1_2_ppc64le.whl", hash = "sha256:6ecb4e750d712abde046858ee6992b65c93f1f71b397fce7975c3860c07365d2"},
    {file = "mmh3-5.2.0-cp310-cp310-musllinux_1_2_s390x.whl", hash = "sha256:382a6bb3f8c6532ea084e7acc5be6ae0c6effa529240836d59352398f002e3fc"},
    {file = "mmh3-5.2.0-cp310-cp310-musllinux_1_2_x86_64.whl", hash = "sha256:7733ec52296fc1ba22e9b90a245c821adbb943e98c91d8a330a2254612726106"},
    {file = "mmh3-5.2.0-cp310-cp310-win32.whl", hash = "sha256:127c95336f2a98c51e7682341ab7cb0be3adb9df0819ab8505a726ed1801876d"},
    {file = "mmh3-5.2.0-cp310-cp310-win_amd64.whl", hash = "sha256:419005f84ba1cab47a77465a2a843562dadadd6671b8758bf179d82a15ca63eb"},
    {file = "mmh3-5.2.0-cp310-cp310-win_arm64.whl", hash = "sha256:d22c9dcafed659fadc605538946c041722b6d1104fe619dbf5cc73b3c8a0ded8"},
    {file = "mmh3-5.2.0-cp311-cp311-macosx_10_9_universal2.whl", hash = "sha256:7901c893e704ee3c65f92d39b951f8f34ccf8e8566768c58103fb10e55afb8c1"},
    {file = "mmh3-5.2.0-cp311-cp311-macosx_10_9_x86_64.whl", hash = "sha256:4a5f5536b1cbfa72318ab3bfc8a8188b949260baed186b75f0abc75b95d8c051"},
    {file = "mmh3-5.2.0-cp311-cp311-macosx_11_0_arm64.whl", hash = "sha256:cedac4f4054b8f7859e5aed41aaa31ad03fce6851901a7fdc2af0275ac533c10"},
    {file = "mmh3-5.2.0-cp311-cp311-manylinux1_i686.manylinux_2_28_i686.manylinux_2_5_i686.whl", hash = "sha256:eb756caf8975882630ce4e9fbbeb9d3401242a72528230422c9ab3a0d278e60c"},
    {file = "mmh3-5.2.0-cp311-cp311-manylinux1_x86_64.manylinux_2_28_x86_64.manylinux_2_5_x86_64.whl", hash = "sha256:097e13c8b8a66c5753c6968b7640faefe85d8e38992703c1f666eda6ef4c3762"},
    {file = "mmh3-5.2.0-cp311-cp311-manylinux2014_aarch64.manylinux_2_17_aarch64.manylinux_2_28_aarch64.whl", hash = "sha256:a7c0c7845566b9686480e6a7e9044db4afb60038d5fabd19227443f0104eeee4"},
    {file = "mmh3-5.2.0-cp311-cp311-manylinux2014_ppc64le.manylinux_2_17_ppc64le.manylinux_2_28_ppc64le.whl", hash = "sha256:61ac226af521a572700f863d6ecddc6ece97220ce7174e311948ff8c8919a363"},
    {file = "mmh3-5.2.0-cp311-cp311-manylinux2014_s390x.manylinux_2_17_s390x.manylinux_2_28_s390x.whl", hash = "sha256:582f9dbeefe15c32a5fa528b79b088b599a1dfe290a4436351c6090f90ddebb8"},
    {file = "mmh3-5.2.0-cp311-cp311-musllinux_1_2_aarch64.whl", hash = "sha256:2ebfc46b39168ab1cd44670a32ea5489bcbc74a25795c61b6d888c5c2cf654ed"},
    {file = "mmh3-5.2.0-cp311-cp311-musllinux_1_2_i686.whl", hash = "sha256:1556e31e4bd0ac0c17eaf220be17a09c171d7396919c3794274cb3415a9d3646"},
    {file = "mmh3-5.2.0-cp311-cp311-musllinux_1_2_ppc64le.whl", hash = "sha256:81df0dae22cd0da87f1c978602750f33d17fb3d21fb0f326c89dc89834fea79b"},
    {file = "mmh3-5.2.0-cp311-cp311-musllinux_1_2_s390x.whl", hash = "sha256:eba01ec3bd4a49b9ac5ca2bc6a73ff5f3af53374b8556fcc2966dd2af9eb7779"},
    {file = "mmh3-5.2.0-cp311-cp311-musllinux_1_2_x86_64.whl", hash = "sha256:e9a011469b47b752e7d20de296bb34591cdfcbe76c99c2e863ceaa2aa61113d2"},
    {file = "mmh3-5.2.0-cp311-cp311-win32.whl", hash = "sha256:bc44fc2b886243d7c0d8daeb37864e16f232e5b56aaec27cc781d848264cfd28"},
    {file = "mmh3-5.2.0-cp311-cp311-win_amd64.whl", hash = "sha256:8ebf241072cf2777a492d0e09252f8cc2b3edd07dfdb9404b9757bffeb4f2cee"},
    {file = "mmh3-5.2.0-cp311-cp311-win_arm64.whl", hash = "sha256:b5f317a727bba0e633a12e71228bc6a4acb4f471a98b1c003163b917311ea9a9"},
    {file = "mmh3-5.2.0-cp312-cp312-macosx_10_13_universal2.whl", hash = "sha256:384eda9361a7bf83a85e09447e1feafe081034af9dd428893701b959230d84be"},
    {file = "mmh3-5.2.0-cp312-cp312-macosx_10_13_x86_64.whl", hash = "sha256:2c9da0d568569cc87315cb063486d761e38458b8ad513fedd3dc9263e1b81bcd"},
    {file = "mmh3-5.2.0-cp312-cp312-macosx_11_0_arm64.whl", hash = "sha256:86d1be5d63232e6eb93c50881aea55ff06eb86d8e08f9b5417c8c9b10db9db96"},
    {file = "mmh3-5.2.0-cp312-cp312-manylinux1_i686.manylinux_2_28_i686.manylinux_2_5_i686.whl", hash = "sha256:bf7bee43e17e81671c447e9c83499f53d99bf440bc6d9dc26a841e21acfbe094"},
    {file = "mmh3-5.2.0-cp312-cp312-manylinux1_x86_64.manylinux_2_28_x86_64.manylinux_2_5_x86_64.whl", hash = "sha256:7aa18cdb58983ee660c9c400b46272e14fa253c675ed963d3812487f8ca42037"},
    {file = "mmh3-5.2.0-cp312-cp312-manylinux2014_aarch64.manylinux_2_17_aarch64.manylinux_2_28_aarch64.whl", hash = "sha256:ae9d032488fcec32d22be6542d1a836f00247f40f320844dbb361393b5b22773"},
    {file = "mmh3-5.2.0-cp312-cp312-manylinux2014_ppc64le.manylinux_2_17_ppc64le.manylinux_2_28_ppc64le.whl", hash = "sha256:e1861fb6b1d0453ed7293200139c0a9011eeb1376632e048e3766945b13313c5"},
    {file = "mmh3-5.2.0-cp312-cp312-manylinux2014_s390x.manylinux_2_17_s390x.manylinux_2_28_s390x.whl", hash = "sha256:99bb6a4d809aa4e528ddfe2c85dd5239b78b9dd14be62cca0329db78505e7b50"},
    {file = "mmh3-5.2.0-cp312-cp312-musllinux_1_2_aarch64.whl", hash = "sha256:1f8d8b627799f4e2fcc7c034fed8f5f24dc7724ff52f69838a3d6d15f1ad4765"},
    {file = "mmh3-5.2.0-cp312-cp312-musllinux_1_2_i686.whl", hash = "sha256:b5995088dd7023d2d9f310a0c67de5a2b2e06a570ecfd00f9ff4ab94a67cde43"},
    {file = "mmh3-5.2.0-cp312-cp312-musllinux_1_2_ppc64le.whl", hash = "sha256:1a5f4d2e59d6bba8ef01b013c472741835ad961e7c28f50c82b27c57748744a4"},
    {file = "mmh3-5.2.0-cp312-cp312-musllinux_1_2_s390x.whl", hash = "sha256:fd6e6c3d90660d085f7e73710eab6f5545d4854b81b0135a3526e797009dbda3"},
    {file = "mmh3-5.2.0-cp312-cp312-musllinux_1_2_x86_64.whl", hash = "sha256:c4a2f3d83879e3de2eb8cbf562e71563a8ed15ee9b9c2e77ca5d9f73072ac15c"},
    {file = "mmh3-5.2.0-cp312-cp312-win32.whl", hash = "sha256:2421b9d665a0b1ad724ec7332fb5a98d075f50bc51a6ff854f3a1882bd650d49"},
    {file = "mmh3-5.2.0-cp312-cp312-win_amd64.whl", hash = "sha256:72d80005b7634a3a2220f81fbeb94775ebd12794623bb2e1451701ea732b4aa3"},
    {file = "mmh3-5.2.0-cp312-cp312-win_arm64.whl", hash = "sha256:3d6bfd9662a20c054bc216f861fa330c2dac7c81e7fb8307b5e32ab5b9b4d2e0"},
    {file = "mmh3-5.2.0-cp313-cp313-android_21_arm64_v8a.whl", hash = "sha256:e79c00eba78f7258e5b354eccd4d7907d60317ced924ea4a5f2e9d83f5453065"},
    {file = "mmh3-5.2.0-cp313-cp313-android_21_x86_64.whl", hash = "sha256:956127e663d05edbeec54df38885d943dfa27406594c411139690485128525de"},
    {file = "mmh3-5.2.0-cp313-cp313-ios_13_0_arm64_iphoneos.whl", hash = "sha256:c3dca4cb5b946ee91b3d6bb700d137b1cd85c20827f89fdf9c16258253489044"},
    {file = "mmh3-5.2.0-cp313-cp313-ios_13_0_arm64_iphonesimulator.whl", hash = "sha256:e651e17bfde5840e9e4174b01e9e080ce49277b70d424308b36a7969d0d1af73"},
    {file = "mmh3-5.2.0-cp313-cp313-ios_13_0_x86_64_iphonesimulator.whl", hash = "sha256:9f64bf06f4bf623325fda3a6d02d36cd69199b9ace99b04bb2d7fd9f89688504"},
    {file = "mmh3-5.2.0-cp313-cp313-macosx_10_13_universal2.whl", hash = "sha256:ddc63328889bcaee77b743309e5c7d2d52cee0d7d577837c91b6e7cc9e755e0b"},
    {file = "mmh3-5.2.0-cp313-cp313-macosx_10_13_x86_64.whl", hash = "sha256:bb0fdc451fb6d86d81ab8f23d881b8d6e37fc373a2deae1c02d27002d2ad7a05"},
    {file = "mmh3-5.2.0-cp313-cp313-macosx_11_0_arm64.whl", hash = "sha256:b29044e1ffdb84fe164d0a7ea05c7316afea93c00f8ed9449cf357c36fc4f814"},
    {file = "mmh3-5.2.0-cp313-cp313-manylinux1_i686.manylinux_2_28_i686.manylinux_2_5_i686.whl", hash = "sha256:58981d6ea9646dbbf9e59a30890cbf9f610df0e4a57dbfe09215116fd90b0093"},
    {file = "mmh3-5.2.0-cp313-cp313-manylinux1_x86_64.manylinux_2_28_x86_64.manylinux_2_5_x86_64.whl", hash = "sha256:7e5634565367b6d98dc4aa2983703526ef556b3688ba3065edb4b9b90ede1c54"},
    {file = "mmh3-5.2.0-cp313-cp313-manylinux2014_aarch64.manylinux_2_17_aarch64.manylinux_2_28_aarch64.whl", hash = "sha256:b0271ac12415afd3171ab9a3c7cbfc71dee2c68760a7dc9d05bf8ed6ddfa3a7a"},
    {file = "mmh3-5.2.0-cp313-cp313-manylinux2014_ppc64le.manylinux_2_17_ppc64le.manylinux_2_28_ppc64le.whl", hash = "sha256:45b590e31bc552c6f8e2150ff1ad0c28dd151e9f87589e7eaf508fbdd8e8e908"},
    {file = "mmh3-5.2.0-cp313-cp313-manylinux2014_s390x.manylinux_2_17_s390x.manylinux_2_28_s390x.whl", hash = "sha256:bdde97310d59604f2a9119322f61b31546748499a21b44f6715e8ced9308a6c5"},
    {file = "mmh3-5.2.0-cp313-cp313-musllinux_1_2_aarch64.whl", hash = "sha256:fc9c5f280438cf1c1a8f9abb87dc8ce9630a964120cfb5dd50d1e7ce79690c7a"},
    {file = "mmh3-5.2.0-cp313-cp313-musllinux_1_2_i686.whl", hash = "sha256:c903e71fd8debb35ad2a4184c1316b3cb22f64ce517b4e6747f25b0a34e41266"},
    {file = "mmh3-5.2.0-cp313-cp313-musllinux_1_2_ppc64le.whl", hash = "sha256:eed4bba7ff8a0d37106ba931ab03bdd3915fbb025bcf4e1f0aa02bc8114960c5"},
    {file = "mmh3-5.2.0-cp313-cp313-musllinux_1_2_s390x.whl", hash = "sha256:1fdb36b940e9261aff0b5177c5b74a36936b902f473180f6c15bde26143681a9"},
    {file = "mmh3-5.2.0-cp313-cp313-musllinux_1_2_x86_64.whl", hash = "sha256:7303aab41e97adcf010a09efd8f1403e719e59b7705d5e3cfed3dd7571589290"},
    {file = "mmh3-5.2.0-cp313-cp313-win32.whl", hash = "sha256:03e08c6ebaf666ec1e3d6ea657a2d363bb01effd1a9acfe41f9197decaef0051"},
    {file = "mmh3-5.2.0-cp313-cp313-win_amd64.whl", hash = "sha256:7fddccd4113e7b736706e17a239a696332360cbaddf25ae75b57ba1acce65081"},
    {file = "mmh3-5.2.0-cp313-cp313-win_arm64.whl", hash = "sha256:fa0c966ee727aad5406d516375593c5f058c766b21236ab8985693934bb5085b"},
    {file = "mmh3-5.2.0-cp314-cp314-ios_13_0_arm64_iphoneos.whl", hash = "sha256:e5015f0bb6eb50008bed2d4b1ce0f2a294698a926111e4bb202c0987b4f89078"},
    {file = "mmh3-5.2.0-cp314-cp314-ios_13_0_arm64_iphonesimulator.whl", hash = "sha256:e0f3ed828d709f5b82d8bfe14f8856120718ec4bd44a5b26102c3030a1e12501"},
    {file = "mmh3-5.2.0-cp314-cp314-ios_13_0_x86_64_iphonesimulator.whl", hash = "sha256:f35727c5118aba95f0397e18a1a5b8405425581bfe53e821f0fb444cbdc2bc9b"},
    {file = "mmh3-5.2.0-cp314-cp314-macosx_10_13_universal2.whl", hash = "sha256:3bc244802ccab5220008cb712ca1508cb6a12f0eb64ad62997156410579a1770"},
    {file = "mmh3-5.2.0-cp314-cp314-macosx_10_13_x86_64.whl", hash = "sha256:ff3d50dc3fe8a98059f99b445dfb62792b5d006c5e0b8f03c6de2813b8376110"},
    {file = "mmh3-5.2.0-cp314-cp314-macosx_11_0_arm64.whl", hash = "sha256:37a358cc881fe796e099c1db6ce07ff757f088827b4e8467ac52b7a7ffdca647"},
    {file = "mmh3-5.2.0-cp314-cp314-manylinux1_i686.manylinux_2_28_i686.manylinux_2_5_i686.whl", hash = "sha256:b9a87025121d1c448f24f27ff53a5fe7b6ef980574b4a4f11acaabe702420d63"},
    {file = "mmh3-5.2.0-cp314-cp314-manylinux1_x86_64.manylinux_2_28_x86_64.manylinux_2_5_x86_64.whl", hash = "sha256:1ba55d6ca32eeef8b2625e1e4bfc3b3db52bc63014bd7e5df8cc11bf2b036b12"},
    {file = "mmh3-5.2.0-cp314-cp314-manylinux2014_aarch64.manylinux_2_17_aarch64.manylinux_2_28_aarch64.whl", hash = "sha256:c9ff37ba9f15637e424c2ab57a1a590c52897c845b768e4e0a4958084ec87f22"},
    {file = "mmh3-5.2.0-cp314-cp314-manylinux2014_ppc64le.manylinux_2_17_ppc64le.manylinux_2_28_ppc64le.whl", hash = "sha256:a094319ec0db52a04af9fdc391b4d39a1bc72bc8424b47c4411afb05413a44b5"},
    {file = "mmh3-5.2.0-cp314-cp314-manylinux2014_s390x.manylinux_2_17_s390x.manylinux_2_28_s390x.whl", hash = "sha256:c5584061fd3da584659b13587f26c6cad25a096246a481636d64375d0c1f6c07"},
    {file = "mmh3-5.2.0-cp314-cp314-musllinux_1_2_aarch64.whl", hash = "sha256:ecbfc0437ddfdced5e7822d1ce4855c9c64f46819d0fdc4482c53f56c707b935"},
    {file = "mmh3-5.2.0-cp314-cp314-musllinux_1_2_i686.whl", hash = "sha256:7b986d506a8e8ea345791897ba5d8ba0d9d8820cd4fc3e52dbe6de19388de2e7"},
    {file = "mmh3-5.2.0-cp314-cp314-musllinux_1_2_ppc64le.whl", hash = "sha256:38d899a156549da8ef6a9f1d6f7ef231228d29f8f69bce2ee12f5fba6d6fd7c5"},
    {file = "mmh3-5.2.0-cp314-cp314-musllinux_1_2_s390x.whl", hash = "sha256:d86651fa45799530885ba4dab3d21144486ed15285e8784181a0ab37a4552384"},
    {file = "mmh3-5.2.0-cp314-cp314-musllinux_1_2_x86_64.whl", hash = "sha256:c463d7c1c4cfc9d751efeaadd936bbba07b5b0ed81a012b3a9f5a12f0872bd6e"},
    {file = "mmh3-5.2.0-cp314-cp314-win32.whl", hash = "sha256:bb4fe46bdc6104fbc28db7a6bacb115ee6368ff993366bbd8a2a7f0076e6f0c0"},
    {file = "mmh3-5.2.0-cp314-cp314-win_amd64.whl", hash = "sha256:7c7f0b342fd06044bedd0b6e72177ddc0076f54fd89ee239447f8b271d919d9b"},
    {file = "mmh3-5.2.0-cp314-cp314-win_arm64.whl", hash = "sha256:3193752fc05ea72366c2b63ff24b9a190f422e32d75fdeae71087c08fff26115"},
    {file = "mmh3-5.2.0-cp314-cp314t-macosx_10_13_universal2.whl", hash = "sha256:69fc339d7202bea69ef9bd7c39bfdf9fdabc8e6822a01eba62fb43233c1b3932"},
    {file = "mmh3-5.2.0-cp314-cp314t-macosx_10_13_x86_64.whl", hash = "sha256:12da42c0a55c9d86ab566395324213c319c73ecb0c239fad4726324212b9441c"},
    {file = "mmh3-5.2.0-cp314-cp314t-macosx_11_0_arm64.whl", hash = "sha256:f7f9034c7cf05ddfaac8d7a2e63a3c97a840d4615d0a0e65ba8bdf6f8576e3be"},
    {file = "mmh3-5.2.0-cp314-cp314t-manylinux1_i686.manylinux_2_28_i686.manylinux_2_5_i686.whl", hash = "sha256:11730eeb16dfcf9674fdea9bb6b8e6dd9b40813b7eb839bc35113649eef38aeb"},
    {file = "mmh3-5.2.0-cp314-cp314t-manylinux1_x86_64.manylinux_2_28_x86_64.manylinux_2_5_x86_64.whl", hash = "sha256:932a6eec1d2e2c3c9e630d10f7128d80e70e2d47fe6b8c7ea5e1afbd98733e65"},
    {file = "mmh3-5.2.0-cp314-cp314t-manylinux2014_aarch64.manylinux_2_17_aarch64.manylinux_2_28_aarch64.whl", hash = "sha256:3ca975c51c5028947bbcfc24966517aac06a01d6c921e30f7c5383c195f87991"},
    {file = "mmh3-5.2.0-cp314-cp314t-manylinux2014_ppc64le.manylinux_2_17_ppc64le.manylinux_2_28_ppc64le.whl", hash = "sha256:5b0b58215befe0f0e120b828f7645e97719bbba9f23b69e268ed0ac7adde8645"},
    {file = "mmh3-5.2.0-cp314-cp314t-manylinux2014_s390x.manylinux_2_17_s390x.manylinux_2_28_s390x.whl", hash = "sha256:29c2b9ce61886809d0492a274a5a53047742dea0f703f9c4d5d223c3ea6377d3"},
    {file = "mmh3-5.2.0-cp314-cp314t-musllinux_1_2_aarch64.whl", hash = "sha256:a367d4741ac0103f8198c82f429bccb9359f543ca542b06a51f4f0332e8de279"},
    {file = "mmh3-5.2.0-cp314-cp314t-musllinux_1_2_i686.whl", hash = "sha256:5a5dba98e514fb26241868f6eb90a7f7ca0e039aed779342965ce24ea32ba513"},
    {file = "mmh3-5.2.0-cp314-cp314t-musllinux_1_2_ppc64le.whl", hash = "sha256:941603bfd75a46023807511c1ac2f1b0f39cccc393c15039969806063b27e6db"},
    {file = "mmh3-5.2.0-cp314-cp314t-musllinux_1_2_s390x.whl", hash = "sha256:132dd943451a7c7546978863d2f5a64977928410782e1a87d583cb60eb89e667"},
    {file = "mmh3-5.2.0-cp314-cp314t-musllinux_1_2_x86_64.whl", hash = "sha256:f698733a8a494466432d611a8f0d1e026f5286dee051beea4b3c3146817e35d5"},
    {file = "mmh3-5.2.0-cp314-cp314t-win32.whl", hash = "sha256:6d541038b3fc360ec538fc116de87462627944765a6750308118f8b509a8eec7"},
    {file = "mmh3-5.2.0-cp314-cp314t-win_amd64.whl", hash = "sha256:e912b19cf2378f2967d0c08e86ff4c6c360129887f678e27e4dde970d21b3f4d"},
    {file = "mmh3-5.2.0-cp314-cp314t-win_arm64.whl", hash = "sha256:e7884931fe5e788163e7b3c511614130c2c59feffdc21112290a194487efb2e9"},
    {file = "mmh3-5.2.0-cp39-cp39-macosx_10_9_universal2.whl", hash = "sha256:3c6041fd9d5fb5fcac57d5c80f521a36b74aea06b8566431c63e4ffc49aced51"},
    {file = "mmh3-5.2.0-cp39-cp39-macosx_10_9_x86_64.whl", hash = "sha256:58477cf9ef16664d1ce2b038f87d2dc96d70fe50733a34a7f07da6c9a5e3538c"},
    {file = "mmh3-5.2.0-cp39-cp39-macosx_11_0_arm64.whl", hash = "sha256:be7d3dca9358e01dab1bad881fb2b4e8730cec58d36dd44482bc068bfcd3bc65"},
    {file = "mmh3-5.2.0-cp39-cp39-manylinux1_i686.manylinux_2_28_i686.manylinux_2_5_i686.whl", hash = "sha256:931d47e08c9c8a67bf75d82f0ada8399eac18b03388818b62bfa42882d571d72"},
    {file = "mmh3-5.2.0-cp39-cp39-manylinux1_x86_64.manylinux_2_28_x86_64.manylinux_2_5_x86_64.whl", hash = "sha256:dd966df3489ec13848d6c6303429bbace94a153f43d1ae2a55115fd36fd5ca5d"},
    {file = "mmh3-5.2.0-cp39-cp39-manylinux2014_aarch64.manylinux_2_17_aarch64.manylinux_2_28_aarch64.whl", hash = "sha256:c677d78887244bf3095020b73c42b505b700f801c690f8eaa90ad12d3179612f"},
    {file = "mmh3-5.2.0-cp39-cp39-manylinux2014_ppc64le.manylinux_2_17_ppc64le.manylinux_2_28_ppc64le.whl", hash = "sha256:63830f846797187c5d3e2dae50f0848fdc86032f5bfdc58ae352f02f857e9025"},
    {file = "mmh3-5.2.0-cp39-cp39-manylinux2014_s390x.manylinux_2_17_s390x.manylinux_2_28_s390x.whl", hash = "sha256:c3f563e8901960e2eaa64c8e8821895818acabeb41c96f2efbb936f65dbe486c"},
    {file = "mmh3-5.2.0-cp39-cp39-musllinux_1_2_aarch64.whl", hash = "sha256:96f1e1ac44cbb42bcc406e509f70c9af42c594e72ccc7b1257f97554204445f0"},
    {file = "mmh3-5.2.0-cp39-cp39-musllinux_1_2_i686.whl", hash = "sha256:7bbb0df897944b5ec830f3ad883e32c5a7375370a521565f5fe24443bfb2c4f7"},
    {file = "mmh3-5.2.0-cp39-cp39-musllinux_1_2_ppc64le.whl", hash = "sha256:1fae471339ae1b9c641f19cf46dfe6ffd7f64b1fba7c4333b99fa3dd7f21ae0a"},
    {file = "mmh3-5.2.0-cp39-cp39-musllinux_1_2_s390x.whl", hash = "sha256:aa6e5d31fdc5ed9e3e95f9873508615a778fe9b523d52c17fc770a3eb39ab6e4"},
    {file = "mmh3-5.2.0-cp39-cp39-musllinux_1_2_x86_64.whl", hash = "sha256:746a5ee71c6d1103d9b560fa147881b5e68fd35da56e54e03d5acefad0e7c055"},
    {file = "mmh3-5.2.0-cp39-cp39-win32.whl", hash = "sha256:10983c10f5c77683bd845751905ba535ec47409874acc759d5ce3ff7ef34398a"},
    {file = "mmh3-5.2.0-cp39-cp39-win_amd64.whl", hash = "sha256:fdfd3fb739f4e22746e13ad7ba0c6eedf5f454b18d11249724a388868e308ee4"},
    {file = "mmh3-5.2.0-cp39-cp39-win_arm64.whl", hash = "sha256:33576136c06b46a7046b6d83a3d75fbca7d25f84cec743f1ae156362608dc6d2"},
    {file = "mmh3-5.2.0.tar.gz", hash = "sha256:1efc8fec8478e9243a78bb993422cf79f8ff85cb4cf6b79647480a31e0d950a8"},
]

[package.extras]
benchmark = ["pymmh3 (==0.0.5)", "pyperf (==2.9.0)", "xxhash (==3.5.0)"]
docs = ["myst-parser (==4.0.1)", "shibuya (==2025.7.24)", "sphinx (==8.2.3)", "sphinx-copybutton (==0.5.2)"]
lint = ["black (==25.1.0)", "clang-format (==20.1.8)", "isort (==6.0.1)", "pylint (==3.3.7)"]
plot = ["matplotlib (==3.10.3)", "pandas (==2.3.1)"]
test = ["pytest (==8.4.1)", "pytest-sugar (==1.0.0)"]
type = ["mypy (==1.17.0)"]

[[package]]
name = "packaging"
version = "25.0"
description = "Core utilities for Python packages"
optional = false
python-versions = ">=3.8"
files = [
    {file = "packaging-25.0-py3-none-any.whl", hash = "sha256:29572ef2b1f17581046b3a2227d5c611fb25ec70ca1ba8554b24b0e69331a484"},
    {file = "packaging-25.0.tar.gz", hash = "sha256:d443872c98d677bf60f6a1f2f8c1cb748e8fe762d2bf9d3148b5599295b0fc4f"},
]

[[package]]
name = "pluggy"
version = "1.6.0"
description = "plugin and hook calling mechanisms for python"
optional = false
python-versions = ">=3.9"
files = [
    {file = "pluggy-1.6.0-py3-none-any.whl", hash = "sha256:e920276dd6813095e9377c0bc5566d94c932c33b27a3e3945d8389c374dd4746"},
    {file = "pluggy-1.6.0.tar.gz", hash = "sha256:7dcc130b76258d33b90f61b658791dede3486c3e6bfb003ee5c9bfb396dd22f3"},
]

[package.extras]
dev = ["pre-commit", "tox"]
testing = ["coverage", "pytest", "pytest-benchmark"]

[[package]]
name = "pygments"
version = "2.19.2"
description = "Pygments is a syntax highlighting package written in Python."
optional = false
python-versions = ">=3.8"
files = [
    {file = "pygments-2.19.2-py3-none-any.whl", hash = "sha256:86540386c03d588bb81d44bc3928634ff26449851e99741617ecb9037ee5ec0b"},
    {file = "pygments-2.19.2.tar.gz", hash = "sha256:636cb2477cec7f8952536970bc533bc43743542f70392ae026374600add5b887"},
]

[package.extras]
windows-terminal = ["colorama (>=0.4.6)"]

[[package]]
name = "pytest"
version = "8.4.2"
description = "pytest: simple powerful testing with Python"
optional = false
python-versions = ">=3.9"
files = [
    {file = "pytest-8.4.2-py3-none-any.whl", hash = "sha256:872f880de3fc3a5bdc88a11b39c9710c3497a547cfa9320bc3c5e62fbf272e79"},
    {file = "pytest-8.4.2.tar.gz", hash = "sha256:86c0d0b93306b961d58d62a4db4879f27fe25513d4b969df351abdddb3c30e01"},
]

[package.dependencies]
colorama = {version = ">=0.4", markers = "sys_platform == \"win32\""}
exceptiongroup = {version = ">=1", markers = "python_version < \"3.11\""}
iniconfig = ">=1"
packaging = ">=20"
pluggy = ">=1.5,<2"
pygments = ">=2.7.2"
tomli = {version = ">=1", markers = "python_version < \"3.11\""}

[package.extras]
dev = ["argcomplete", "attrs (>=19.2)", "hypothesis (>=3.56)", "mock", "requests", "setuptools", "xmlschema"]

[[package]]
name = "tomli"
version = "2.3.0"
description = "A lil' TOML parser"
optional = false
python-versions = ">=3.8"
files = [
    {file = "tomli-2.3.0-cp311-cp311-macosx_10_9_x86_64.whl", hash = "sha256:88bd15eb972f3664f5ed4b57c1634a97153b4bac4479dcb6a495f41921eb7f45"},
    {file = "tomli-2.3.0-cp311-cp311-macosx_11_0_arm64.whl", hash = "sha256:883b1c0d6398a6a9d29b508c331fa56adbcdff647f6ace4dfca0f50e90dfd0ba"},
    {file = "tomli-2.3.0-cp311-cp311-manylinux2014_aarch64.manylinux_2_17_aarch64.manylinux_2_28_aarch64.whl", hash = "sha256:d1381caf13ab9f300e30dd8feadb3de072aeb86f1d34a8569453ff32a7dea4bf"},
    {file = "tomli-2.3.0-cp311-cp311-manylinux2014_x86_64.manylinux_2_17_x86_64.manylinux_2_28_x86_64.whl", hash = "sha256:a0e285d2649b78c0d9027570d4da3425bdb49830a6156121360b3f8511ea3441"},
    {file = "tomli-2.3.0-cp311-cp311-musllinux_1_2_aarch64.whl", hash = "sha256:0a154a9ae14bfcf5d8917a59b51ffd5a3ac1fd149b71b47a3a104ca4edcfa845"},
    {file = "tomli-2.3.0-cp311-cp311-musllinux_1_2_x86_64.whl", hash = "sha256:74bf8464ff93e413514fefd2be591c3b0b23231a77f901db1eb30d6f712fc42c"},
    {file = "tomli-2.3.0-cp311-cp311-win32.whl", hash = "sha256:00b5f5d95bbfc7d12f91ad8c593a1659b6387b43f054104cda404be6bda62456"},
    {file = "tomli-2.3.0-cp311-cp311-win_amd64.whl", hash = "sha256:4dc4ce8483a5d429ab602f111a93a6ab1ed425eae3122032db7e9acf449451be"},
    {file = "tomli-2.3.0-cp312-cp312-macosx_10_13_x86_64.whl", hash = "sha256:d7d86942e56ded512a594786a5ba0a5e521d02529b3826e7761a05138341a2ac"},
    {file = "tomli-2.3.0-cp312-cp312-macosx_11_0_arm64.whl", hash = "sha256:73ee0b47d4dad1c5e996e3cd33b8a76a50167ae5f96a2607cbe8cc773506ab22"},
    {file = "tomli-2.3.0-cp312-cp312-manylinux2014_aarch64.manylinux_2_17_aarch64.manylinux_2_28_aarch64.whl", hash = "sha256:792262b94d5d0a466afb5bc63c7daa9d75520110971ee269152083270998316f"},
    {file = "tomli-2.3.0-cp312-cp312-manylinux2014_x86_64.manylinux_2_17_x86_64.manylinux_2_28_x86_64.whl", hash = "sha256:4f195fe57ecceac95a66a75ac24d9d5fbc98ef0962e09b2eddec5d39375aae52"},
    {file = "tomli-2.3.0-cp312-cp312-musllinux_1_2_aarch64.whl", hash = "sha256:e31d432427dcbf4d86958c184b9bfd1e96b5b71f8eb17e6d02531f434fd335b8"},
    {file = "tomli-2.3.0-cp312-cp312-musllinux_1_2_x86_64.whl", hash = "sha256:7b0882799624980785240ab732537fcfc372601015c00f7fc367c55308c186f6"},
    {file = "tomli-2.3.0-cp312-cp312-win32.whl", hash = "sha256:ff72b71b5d10d22ecb084d345fc26f42b5143c5533db5e2eaba7d2d335358876"},
    {file = "tomli-2.3.0-cp312-cp312-win_amd64.whl", hash = "sha256:1cb4ed918939151a03f33d4242ccd0aa5f11b3547d0cf30f7c74a408a5b99878"},
    {file = "tomli-2.3.0-cp313-cp313-macosx_10_13_x86_64.whl", hash = "sha256:5192f562738228945d7b13d4930baffda67b69425a7f0da96d360b0a3888136b"},
    {file = "tomli-2.3.0-cp313-cp313-macosx_11_0_arm64.whl", hash = "sha256:be71c93a63d738597996be9528f4abe628d1adf5e6eb11607bc8fe1a510b5dae"},
    {file = "tomli-2.3.0-cp313-cp313-manylinux2014_aarch64.manylinux_2_17_aarch64.manylinux_2_28_aarch64.whl", hash = "sha256:c4665508bcbac83a31ff8ab08f424b665200c0e1e645d2bd9ab3d3e557b6185b"},
    {file = "tomli-2.3.0-cp313-cp313-manylinux2014_x86_64.manylinux_2_17_x86_64.manylinux_2_28_x86_64.whl", hash = "sha256:4021923f97266babc6ccab9f5068642a0095faa0a51a246a6a02fccbb3514eaf"},
    {file = "tomli-2.3.0-cp313-cp313-musllinux_1_2_aarch64.whl", hash = "sha256:a4ea38c40145a357d513bffad0ed869f13c1773716cf71ccaa83b0fa0cc4e42f"},
    {file = "tomli-2.3.0-cp313-cp313-musllinux_1_2_x86_64.whl", hash = "sha256:ad805ea85eda330dbad64c7ea7a4556259665bdf9d2672f5dccc740eb9d3ca05"},
    {file = "tomli-2.3.0-cp313-cp313-win32.whl", hash = "sha256:97d5eec30149fd3294270e889b4234023f2c69747e555a27bd708828353ab606"},
    {file = "tomli-2.3.0-cp313-cp313-win_amd64.whl", hash = "sha256:0c95ca56fbe89e065c6ead5b593ee64b84a26fca063b5d71a1122bf26e533999"},
    {file = "tomli-2.3.0-cp314-cp314-macosx_10_13_x86_64.whl", hash = "sha256:cebc6fe843e0733ee827a282aca4999b596241195f43b4cc371d64fc6639da9e"},
    {file = "tomli-2.3.0-cp314-cp314-macosx_11_0_arm64.whl", hash = "sha256:4c2ef0244c75aba9355561272009d934953817c49f47d768070c3c94355c2aa3"},
    {file = "tomli-2.3.0-cp314-cp314-manylinux2014_aarch64.manylinux_2_17_aarch64.manylinux_2_28_aarch64.whl", hash = "sha256:c22a8bf253bacc0cf11f35ad9808b6cb75ada2631c2d97c971122583b129afbc"},
    {file = "tomli-2.3.0-cp314-cp314-manylinux2014_x86_64.manylinux_2_17_x86_64.manylinux_2_28_x86_64.whl", hash = "sha256:0eea8cc5c5e9f89c9b90c4896a8deefc74f518db5927d0e0e8d4a80953d774d0"},
    {file = "tomli-2.3.0-cp314-cp314-musllinux_1_2_aarch64.whl", hash = "sha256:b74a0e59ec5d15127acdabd75ea17726ac4c5178ae51b85bfe39c4f8a278e879"},
    {file = "tomli-2.3.0-cp314-cp314-musllinux_1_2_x86_64.whl", hash = "sha256:b5870b50c9db823c595983571d1296a6ff3e1b88f734a4c8f6fc6188397de005"},
    {file = "tomli-2.3.0-cp314-cp314-win32.whl", hash = "sha256:feb0dacc61170ed7ab602d3d972a58f14ee3ee60494292d384649a3dc38ef463"},
    {file = "tomli-2.3.0-cp314-cp314-win_amd64.whl", hash = "sha256:b273fcbd7fc64dc3600c098e39136522650c49bca95df2d11cf3b626422392c8"},
    {file = "tomli-2.3.0-cp314-cp314t-macosx_10_13_x86_64.whl", hash = "sha256:940d56ee0410fa17ee1f12b817b37a4d4e4dc4d27340863cc67236c74f582e77"},
    {file = "tomli-2.3.0-cp314-cp314t-macosx_11_0_arm64.whl", hash = "sha256:f85209946d1fe94416debbb88d00eb92ce9cd5266775424ff81bc959e001acaf"},
    {file = "tomli-2.3.0-cp314-cp314t-manylinux2014_aarch64.manylinux_2_17_aarch64.manylinux_2_28_aarch64.whl", hash = "sha256:a56212bdcce682e56b0aaf79e869ba5d15a6163f88d5451cbde388d48b13f530"},
    {file = "tomli-2.3.0-cp314-cp314t-manylinux2014_x86_64.manylinux_2_17_x86_64.manylinux_2_28_x86_64.whl", hash = "sha256:c5f3ffd1e098dfc032d4d3af5c0ac64f6d286d98bc148698356847b80fa4de1b"},
    {file = "tomli-2.3.0-cp314-cp314t-musllinux_1_2_aarch64.whl", hash = "sha256:5e01decd096b1530d97d5d85cb4dff4af2d8347bd35686654a004f8dea20fc67"},
    {file = "tomli-2.3.0-cp314-cp314t-musllinux_1_2_x86_64.whl", hash = "sha256:8a35dd0e643bb2610f156cca8db95d213a90015c11fee76c946aa62b7ae7e02f"},
    {file = "tomli-2.3.0-cp314-cp314t-win32.whl", hash = "sha256:a1f7f282fe248311650081faafa5f4732bdbfef5d45fe3f2e702fbc6f2d496e0"},
    {file = "tomli-2.3.0-cp314-cp314t-win_amd64.whl", hash = "sha256:70a251f8d4ba2d9ac2542eecf008b3c8a9fc5c3f9f02c56a9d7952612be2fdba"},
    {file = "tomli-2.3.0-py3-none-any.whl", hash = "sha256:e95b1af3c5b07d9e643909b5abbec77cd9f1217e6d0bca72b0234736b9fb1f1b"},
    {file = "tomli-2.3.0.tar.gz", hash = "sha256:64be704a875d2a59753d80ee8a533c3fe183e3f06807ff7dc2232938ccb01549"},
]

[[package]]
name = "tqdm"
version = "4.67.1"
description = "Fast, Extensible Progress Meter"
optional = false
python-versions = ">=3.7"
files = [
    {file = "tqdm-4.67.1-py3-none-any.whl", hash = "sha256:26445eca388f82e72884e0d580d5464cd801a3ea01e63e5601bdff9ba6a48de2"},
    {file = "tqdm-4.67.1.tar.gz", hash = "sha256:f8aef9c52c08c13a65f30ea34f4e5aac3fd1a34959879d7e59e63027286627f2"},
]

[package.dependencies]
colorama = {version = "*", markers = "platform_system == \"Windows\""}

[package.extras]
dev = ["nbval", "pytest (>=6)", "pytest-asyncio (>=0.24)", "pytest-cov", "pytest-timeout"]
discord = ["requests"]
notebook = ["ipywidgets (>=6)"]
slack = ["slack-sdk"]
telegram = ["requests"]

[[package]]
name = "typeguard"
version = "4.4.4"
description = "Run-time type checker for Python"
optional = false
python-versions = ">=3.9"
files = [
    {file = "typeguard-4.4.4-py3-none-any.whl", hash = "sha256:b5f562281b6bfa1f5492470464730ef001646128b180769880468bd84b68b09e"},
    {file = "typeguard-4.4.4.tar.gz", hash = "sha256:3a7fd2dffb705d4d0efaed4306a704c89b9dee850b688f060a8b1615a79e5f74"},
]

[package.dependencies]
importlib_metadata = {version = ">=3.6", markers = "python_version < \"3.10\""}
typing_extensions = ">=4.14.0"

[[package]]
name = "typing-extensions"
version = "4.15.0"
description = "Backported and Experimental Type Hints for Python 3.9+"
optional = false
python-versions = ">=3.9"
files = [
    {file = "typing_extensions-4.15.0-py3-none-any.whl", hash = "sha256:f0fa19c6845758ab08074a0cfa8b7aecb71c999ca73d62883bc25cc018c4e548"},
    {file = "typing_extensions-4.15.0.tar.gz", hash = "sha256:0cea48d173cc12fa28ecabc3b837ea3cf6f38c6d1136f85cbaaf598984861466"},
]

[[package]]
name = "zipp"
version = "3.23.0"
description = "Backport of pathlib-compatible object wrapper for zip files"
optional = false
python-versions = ">=3.9"
files = [
    {file = "zipp-3.23.0-py3-none-any.whl", hash = "sha256:071652d6115ed432f5ce1d34c336c0adfd6a884660d1e9712a256d3d3bd4b14e"},
    {file = "zipp-3.23.0.tar.gz", hash = "sha256:a07157588a12518c9d4034df3fbbee09c814741a33ff63c05fa29d26a2404166"},
]

[package.extras]
check = ["pytest-checkdocs (>=2.4)", "pytest-ruff (>=0.2.1)"]
cover = ["pytest-cov"]
doc = ["furo", "jaraco.packaging (>=9.3)", "jaraco.tidelift (>=1.4)", "rst.linker (>=1.9)", "sphinx (>=3.5)", "sphinx-lint"]
enabler = ["pytest-enabler (>=2.2)"]
test = ["big-O", "jaraco.functools", "jaraco.itertools", "jaraco.test", "more_itertools", "pytest (>=6,!=8.1.*)", "pytest-ignore-flaky"]
type = ["pytest-mypy"]

[metadata]
lock-version = "2.0"
python-versions = ">=3.9"
content-hash = "c006c944d7bfbe56bd74031efd94b98ad5699507e5edc15a59e7661aca15d079"
